
Microsoft Visual Studio Solution File, Format Version 12.00
# Visual Studio Version 18
VisualStudioVersion = 18.1.11304.174
MinimumVisualStudioVersion = 10.0.40219.1
Project("{FAE04EC0-301F-11D3-BF4B-00C04F79EFBC}") = "StoreZoneV2API.Infrastructure", "StoreZoneV2API.Infrastructure\StoreZoneV2API.Infrastructure.csproj", "{184CF3CF-B94A-7938-40B8-F60980051B94}"
EndProject
Project("{2150E333-8FDC-42A3-9474-1A3956D46DE8}") = "Apps", "Apps", "{C345F51A-2829-409F-BD68-707FC6220205}"
EndProject
Project("{2150E333-8FDC-42A3-9474-1A3956D46DE8}") = "BuildingBlocks", "BuildingBlocks", "{E3ADAEB7-41D8-4102-B71A-2AF7CFBFD38B}"
EndProject
Project("{2150E333-8FDC-42A3-9474-1A3956D46DE8}") = "Modules", "Modules", "{8B1EC4B2-22D6-4B0F-8389-0743D867FF82}"
EndProject
Project("{2150E333-8FDC-42A3-9474-1A3956D46DE8}") = "Identity", "Identity", "{EA6068BD-3319-43DC-9C81-6137D9F36B35}"
EndProject
Project("{2150E333-8FDC-42A3-9474-1A3956D46DE8}") = "Tenancy", "Tenancy", "{3D138AE9-F378-42A9-8782-EE558E6F8F35}"
EndProject
Project("{2150E333-8FDC-42A3-9474-1A3956D46DE8}") = "Catalog", "Catalog", "{3249E9AE-7158-4F41-B986-63190BE2CC8F}"
EndProject
Project("{2150E333-8FDC-42A3-9474-1A3956D46DE8}") = "Orders", "Orders", "{306D13B8-1F3C-4D85-800A-3D8317B072C4}"
EndProject
Project("{2150E333-8FDC-42A3-9474-1A3956D46DE8}") = "Payments", "Payments", "{E8C3EDC8-0D6C-4A76-854E-0F33C815A316}"
EndProject
Project("{FAE04EC0-301F-11D3-BF4B-00C04F79EFBC}") = "StoreZone.SharedKernel", "BuildingBlocks\StoreZone.SharedKernel\StoreZone.SharedKernel.csproj", "{B0AEF796-C24A-44DA-9A2B-18A2E5AE8532}"
EndProject
Project("{FAE04EC0-301F-11D3-BF4B-00C04F79EFBC}") = "StoreZone.Contracts", "BuildingBlocks\StoreZone.Contracts\StoreZone.Contracts.csproj", "{E9D66A0A-9815-4DAC-B5BA-2251A36DC490}"
EndProject
Project("{FAE04EC0-301F-11D3-BF4B-00C04F79EFBC}") = "Identity.Domain", "Modules\Identity\Identity.Domain\Identity.Domain.csproj", "{E07E8F0D-50B6-4539-95C6-B1764A491497}"
EndProject
Project("{FAE04EC0-301F-11D3-BF4B-00C04F79EFBC}") = "Idnetity.Application", "Modules\Identity\Idnetity.Application\Idnetity.Application.csproj", "{083CF0F9-7B40-43C7-9A6B-C42D56EE56D5}"
EndProject
Project("{FAE04EC0-301F-11D3-BF4B-00C04F79EFBC}") = "Idnetity.infrastructure", "Modules\Identity\Idnetity.infrastructure\Idnetity.infrastructure.csproj", "{BDA39A43-86A3-4087-BD64-94B4B528E5AF}"
EndProject
Project("{FAE04EC0-301F-11D3-BF4B-00C04F79EFBC}") = "Identity.Api", "Modules\Identity\Identity.Api\Identity.Api.csproj", "{492C5C7F-45A3-44B5-A80F-131E827381CB}"
EndProject
Project("{FAE04EC0-301F-11D3-BF4B-00C04F79EFBC}") = "Tenancy.Domain", "Modules\Tenancy\Tenancy.Domain\Tenancy.Domain.csproj", "{E53D01E2-3318-4A57-9B17-A1ACA96D35BB}"
EndProject
Project("{FAE04EC0-301F-11D3-BF4B-00C04F79EFBC}") = "Tenancy.Application", "Modules\Tenancy\Tenancy.Application\Tenancy.Application.csproj", "{31DF0118-96BD-4686-BFF8-64476D5718F0}"
EndProject
Project("{FAE04EC0-301F-11D3-BF4B-00C04F79EFBC}") = "Tenancy.Infrastructure", "Modules\Tenancy\Tenancy.Infrastructure\Tenancy.Infrastructure.csproj", "{C801B94D-DD2B-4200-A7B1-0DDB22C4E1EA}"
EndProject
Project("{FAE04EC0-301F-11D3-BF4B-00C04F79EFBC}") = "Tenancy.Api", "Modules\Tenancy\Tenancy.Api\Tenancy.Api.csproj", "{C4B63318-34B1-4D3B-9C43-3BC7E589DACC}"
EndProject
Project("{FAE04EC0-301F-11D3-BF4B-00C04F79EFBC}") = "Catalog.Domain", "Modules\Catalog\Catalog.Domain\Catalog.Domain.csproj", "{6BFA017A-42A5-4109-B359-E3824E68E64A}"
EndProject
Project("{FAE04EC0-301F-11D3-BF4B-00C04F79EFBC}") = "Catalog.Application", "Modules\Catalog\Catalog.Application\Catalog.Application.csproj", "{06B4726D-8D08-462E-B7DC-2243D7709C20}"
EndProject
Project("{FAE04EC0-301F-11D3-BF4B-00C04F79EFBC}") = "Catalog.Infrastructure", "Modules\Catalog\Catalog.Infrastructure\Catalog.Infrastructure.csproj", "{E72CF16C-1E2E-4C44-BB52-B0DB48C2C6B1}"
EndProject
Project("{FAE04EC0-301F-11D3-BF4B-00C04F79EFBC}") = "Catalog.Api", "Modules\Catalog\Catalog.Api\Catalog.Api.csproj", "{0B3E7695-F87E-45F2-A941-22C03F095C80}"
EndProject
Project("{FAE04EC0-301F-11D3-BF4B-00C04F79EFBC}") = "Orders.Domain", "Modules\Orders\Orders.Domain\Orders.Domain.csproj", "{8A9E4DAE-D018-4946-978B-E9C474623806}"
EndProject
Project("{FAE04EC0-301F-11D3-BF4B-00C04F79EFBC}") = "Orders.Application", "Modules\Orders\Orders.Application\Orders.Application.csproj", "{F78B0AF1-EA91-46F7-A3C4-E3D083B4728C}"
EndProject
Project("{FAE04EC0-301F-11D3-BF4B-00C04F79EFBC}") = "Orders.Infrastructure", "Modules\Orders\Orders.Infrastructure\Orders.Infrastructure.csproj", "{DF2D21E3-28BA-49A8-BD1A-1E169B7FDB56}"
EndProject
Project("{FAE04EC0-301F-11D3-BF4B-00C04F79EFBC}") = "Orders.Api", "Modules\Orders\Orders.Api\Orders.Api.csproj", "{818024DE-913E-49EA-866E-481F25F5306C}"
EndProject
Project("{FAE04EC0-301F-11D3-BF4B-00C04F79EFBC}") = "Payments.Domain", "Modules\Payments\Payments.Domain\Payments.Domain.csproj", "{EAB9B778-3D3D-48B9-9C92-FA600D690B55}"
EndProject
Project("{FAE04EC0-301F-11D3-BF4B-00C04F79EFBC}") = "Payments.Application", "Modules\Payments\Payments.Application\Payments.Application.csproj", "{B5CC064F-C1C0-4BE9-9AF0-99D4CF7DFCD8}"
EndProject
Project("{FAE04EC0-301F-11D3-BF4B-00C04F79EFBC}") = "Payments.Infrastructure", "Modules\Payments\Payments.Infrastructure\Payments.Infrastructure.csproj", "{3027B718-127D-4FDF-9234-1B96583978AC}"
EndProject
Project("{FAE04EC0-301F-11D3-BF4B-00C04F79EFBC}") = "Payments.Api", "Modules\Payments\Payments.Api\Payments.Api.csproj", "{4D1820E7-E484-4AB8-86AB-1385BA61589F}"
EndProject
Project("{FAE04EC0-301F-11D3-BF4B-00C04F79EFBC}") = "StoreZoneV2API.Web", "Apps\StoreZoneV2API.Web\StoreZoneV2API.Web.csproj", "{550E5CE5-CB75-E67D-CC83-96ADE40A9F77}"
EndProject
Project("{FAE04EC0-301F-11D3-BF4B-00C04F79EFBC}") = "StoreZoneV2API.WebApp", "Apps\StoreZoneV2API.WebApp\StoreZoneV2API.WebApp.csproj", "{5DB50485-5BB8-C2FB-A1A5-DDE64DF144A3}"
EndProject
Project("{FAE04EC0-301F-11D3-BF4B-00C04F79EFBC}") = "StoreZoneV2API.Application", "StoreZoneV2API.Application\StoreZoneV2API.Application.csproj", "{C73CB86E-0079-928D-578F-60E8CE22342D}"
EndProject
Project("{FAE04EC0-301F-11D3-BF4B-00C04F79EFBC}") = "StoreZoneV2API.Domain", "StoreZoneV2API.Domain\StoreZoneV2API.Domain.csproj", "{1139841C-A270-7358-F07E-599D74AA3A6F}"
EndProject
Project("{2150E333-8FDC-42A3-9474-1A3956D46DE8}") = "Customers", "Customers", "{6E09D386-B6EB-46D8-9780-FACDA85C9300}"
EndProject
Project("{2150E333-8FDC-42A3-9474-1A3956D46DE8}") = "Shipping", "Shipping", "{859FD876-0F9A-4275-B54C-90607AA01321}"
EndProject
Project("{2150E333-8FDC-42A3-9474-1A3956D46DE8}") = "Inventory", "Inventory", "{A707127F-83AF-4957-9073-90CA669B0E62}"
EndProject
Project("{FAE04EC0-301F-11D3-BF4B-00C04F79EFBC}") = "Customers.Api", "Modules\Customers\Customers.Api\Customers.Api.csproj", "{EE1C039D-ADC6-623C-7EF1-960B27FC76EB}"
EndProject
Project("{FAE04EC0-301F-11D3-BF4B-00C04F79EFBC}") = "Customers.Application", "Modules\Customers\Customers.Application\Customers.Application.csproj", "{03F31B3A-BD7D-A6C8-AFA2-A0C362A6C566}"
EndProject
Project("{FAE04EC0-301F-11D3-BF4B-00C04F79EFBC}") = "Customers.Domain", "Modules\Customers\Customers.Domain\Customers.Domain.csproj", "{AB0BEA65-2FC6-3751-8E8D-E871B12036E2}"
EndProject
Project("{FAE04EC0-301F-11D3-BF4B-00C04F79EFBC}") = "Customers.Infrastructure", "Modules\Customers\Customers.Infrastructure\Customers.Infrastructure.csproj", "{3AB39E57-0140-FA7F-90D1-7CA2B0CFC789}"
EndProject
Project("{FAE04EC0-301F-11D3-BF4B-00C04F79EFBC}") = "Inventory.Api", "Modules\Inventory\Inventory.Api\Inventory.Api.csproj", "{D8FBC771-3E0E-CB60-B26C-E4599AB5AFA6}"
EndProject
Project("{FAE04EC0-301F-11D3-BF4B-00C04F79EFBC}") = "Inventory.Application", "Modules\Inventory\Inventory.Application\Inventory.Application.csproj", "{9D98DFE0-A110-0275-D0E9-DC2138D1F82D}"
EndProject
Project("{FAE04EC0-301F-11D3-BF4B-00C04F79EFBC}") = "Inventory.Domain", "Modules\Inventory\Inventory.Domain\Inventory.Domain.csproj", "{01ED91E1-93B3-62CB-BAF4-812E08C480BF}"
EndProject
Project("{FAE04EC0-301F-11D3-BF4B-00C04F79EFBC}") = "Inventory.Infrastructure", "Modules\Inventory\Inventory.Infrastructure\Inventory.Infrastructure.csproj", "{629525AC-820E-FDF2-4148-8ECE207DA245}"
EndProject
Project("{FAE04EC0-301F-11D3-BF4B-00C04F79EFBC}") = "Shipping.Api", "Modules\Shipping\Shipping.Api\Shipping.Api.csproj", "{FE2EA203-6949-6AF5-B99B-8FCD79C85451}"
EndProject
Project("{FAE04EC0-301F-11D3-BF4B-00C04F79EFBC}") = "Shipping.Application", "Modules\Shipping\Shipping.Application\Shipping.Application.csproj", "{D11348AB-71E4-D225-0FA8-2FC970E10410}"
EndProject
Project("{FAE04EC0-301F-11D3-BF4B-00C04F79EFBC}") = "Shipping.Domain", "Modules\Shipping\Shipping.Domain\Shipping.Domain.csproj", "{B9596F26-C049-6650-D059-4E6BB3C42D39}"
EndProject
Project("{FAE04EC0-301F-11D3-BF4B-00C04F79EFBC}") = "Shipping.Infrastructure", "Modules\Shipping\Shipping.Infrastructure\Shipping.Infrastructure.csproj", "{0188CD75-6F8C-9472-00EB-C0356A1C593B}"
EndProject
Global
	GlobalSection(SolutionConfigurationPlatforms) = preSolution
		Debug|Any CPU = Debug|Any CPU
		Debug|x64 = Debug|x64
		Debug|x86 = Debug|x86
		Release|Any CPU = Release|Any CPU
		Release|x64 = Release|x64
		Release|x86 = Release|x86
	EndGlobalSection
	GlobalSection(ProjectConfigurationPlatforms) = postSolution
		{184CF3CF-B94A-7938-40B8-F60980051B94}.Debug|Any CPU.ActiveCfg = Debug|Any CPU
		{184CF3CF-B94A-7938-40B8-F60980051B94}.Debug|Any CPU.Build.0 = Debug|Any CPU
		{184CF3CF-B94A-7938-40B8-F60980051B94}.Debug|x64.ActiveCfg = Debug|Any CPU
		{184CF3CF-B94A-7938-40B8-F60980051B94}.Debug|x64.Build.0 = Debug|Any CPU
		{184CF3CF-B94A-7938-40B8-F60980051B94}.Debug|x86.ActiveCfg = Debug|Any CPU
		{184CF3CF-B94A-7938-40B8-F60980051B94}.Debug|x86.Build.0 = Debug|Any CPU
		{184CF3CF-B94A-7938-40B8-F60980051B94}.Release|Any CPU.ActiveCfg = Release|Any CPU
		{184CF3CF-B94A-7938-40B8-F60980051B94}.Release|Any CPU.Build.0 = Release|Any CPU
		{184CF3CF-B94A-7938-40B8-F60980051B94}.Release|x64.ActiveCfg = Release|Any CPU
		{184CF3CF-B94A-7938-40B8-F60980051B94}.Release|x64.Build.0 = Release|Any CPU
		{184CF3CF-B94A-7938-40B8-F60980051B94}.Release|x86.ActiveCfg = Release|Any CPU
		{184CF3CF-B94A-7938-40B8-F60980051B94}.Release|x86.Build.0 = Release|Any CPU
		{B0AEF796-C24A-44DA-9A2B-18A2E5AE8532}.Debug|Any CPU.ActiveCfg = Debug|Any CPU
		{B0AEF796-C24A-44DA-9A2B-18A2E5AE8532}.Debug|Any CPU.Build.0 = Debug|Any CPU
		{B0AEF796-C24A-44DA-9A2B-18A2E5AE8532}.Debug|x64.ActiveCfg = Debug|Any CPU
		{B0AEF796-C24A-44DA-9A2B-18A2E5AE8532}.Debug|x64.Build.0 = Debug|Any CPU
		{B0AEF796-C24A-44DA-9A2B-18A2E5AE8532}.Debug|x86.ActiveCfg = Debug|Any CPU
		{B0AEF796-C24A-44DA-9A2B-18A2E5AE8532}.Debug|x86.Build.0 = Debug|Any CPU
		{B0AEF796-C24A-44DA-9A2B-18A2E5AE8532}.Release|Any CPU.ActiveCfg = Release|Any CPU
		{B0AEF796-C24A-44DA-9A2B-18A2E5AE8532}.Release|Any CPU.Build.0 = Release|Any CPU
		{B0AEF796-C24A-44DA-9A2B-18A2E5AE8532}.Release|x64.ActiveCfg = Release|Any CPU
		{B0AEF796-C24A-44DA-9A2B-18A2E5AE8532}.Release|x64.Build.0 = Release|Any CPU
		{B0AEF796-C24A-44DA-9A2B-18A2E5AE8532}.Release|x86.ActiveCfg = Release|Any CPU
		{B0AEF796-C24A-44DA-9A2B-18A2E5AE8532}.Release|x86.Build.0 = Release|Any CPU
		{E9D66A0A-9815-4DAC-B5BA-2251A36DC490}.Debug|Any CPU.ActiveCfg = Debug|Any CPU
		{E9D66A0A-9815-4DAC-B5BA-2251A36DC490}.Debug|Any CPU.Build.0 = Debug|Any CPU
		{E9D66A0A-9815-4DAC-B5BA-2251A36DC490}.Debug|x64.ActiveCfg = Debug|Any CPU
		{E9D66A0A-9815-4DAC-B5BA-2251A36DC490}.Debug|x64.Build.0 = Debug|Any CPU
		{E9D66A0A-9815-4DAC-B5BA-2251A36DC490}.Debug|x86.ActiveCfg = Debug|Any CPU
		{E9D66A0A-9815-4DAC-B5BA-2251A36DC490}.Debug|x86.Build.0 = Debug|Any CPU
		{E9D66A0A-9815-4DAC-B5BA-2251A36DC490}.Release|Any CPU.ActiveCfg = Release|Any CPU
		{E9D66A0A-9815-4DAC-B5BA-2251A36DC490}.Release|Any CPU.Build.0 = Release|Any CPU
		{E9D66A0A-9815-4DAC-B5BA-2251A36DC490}.Release|x64.ActiveCfg = Release|Any CPU
		{E9D66A0A-9815-4DAC-B5BA-2251A36DC490}.Release|x64.Build.0 = Release|Any CPU
		{E9D66A0A-9815-4DAC-B5BA-2251A36DC490}.Release|x86.ActiveCfg = Release|Any CPU
		{E9D66A0A-9815-4DAC-B5BA-2251A36DC490}.Release|x86.Build.0 = Release|Any CPU
		{E07E8F0D-50B6-4539-95C6-B1764A491497}.Debug|Any CPU.ActiveCfg = Debug|Any CPU
		{E07E8F0D-50B6-4539-95C6-B1764A491497}.Debug|Any CPU.Build.0 = Debug|Any CPU
		{E07E8F0D-50B6-4539-95C6-B1764A491497}.Debug|x64.ActiveCfg = Debug|Any CPU
		{E07E8F0D-50B6-4539-95C6-B1764A491497}.Debug|x64.Build.0 = Debug|Any CPU
		{E07E8F0D-50B6-4539-95C6-B1764A491497}.Debug|x86.ActiveCfg = Debug|Any CPU
		{E07E8F0D-50B6-4539-95C6-B1764A491497}.Debug|x86.Build.0 = Debug|Any CPU
		{E07E8F0D-50B6-4539-95C6-B1764A491497}.Release|Any CPU.ActiveCfg = Release|Any CPU
		{E07E8F0D-50B6-4539-95C6-B1764A491497}.Release|Any CPU.Build.0 = Release|Any CPU
		{E07E8F0D-50B6-4539-95C6-B1764A491497}.Release|x64.ActiveCfg = Release|Any CPU
		{E07E8F0D-50B6-4539-95C6-B1764A491497}.Release|x64.Build.0 = Release|Any CPU
		{E07E8F0D-50B6-4539-95C6-B1764A491497}.Release|x86.ActiveCfg = Release|Any CPU
		{E07E8F0D-50B6-4539-95C6-B1764A491497}.Release|x86.Build.0 = Release|Any CPU
		{083CF0F9-7B40-43C7-9A6B-C42D56EE56D5}.Debug|Any CPU.ActiveCfg = Debug|Any CPU
		{083CF0F9-7B40-43C7-9A6B-C42D56EE56D5}.Debug|Any CPU.Build.0 = Debug|Any CPU
		{083CF0F9-7B40-43C7-9A6B-C42D56EE56D5}.Debug|x64.ActiveCfg = Debug|Any CPU
		{083CF0F9-7B40-43C7-9A6B-C42D56EE56D5}.Debug|x64.Build.0 = Debug|Any CPU
		{083CF0F9-7B40-43C7-9A6B-C42D56EE56D5}.Debug|x86.ActiveCfg = Debug|Any CPU
		{083CF0F9-7B40-43C7-9A6B-C42D56EE56D5}.Debug|x86.Build.0 = Debug|Any CPU
		{083CF0F9-7B40-43C7-9A6B-C42D56EE56D5}.Release|Any CPU.ActiveCfg = Release|Any CPU
		{083CF0F9-7B40-43C7-9A6B-C42D56EE56D5}.Release|Any CPU.Build.0 = Release|Any CPU
		{083CF0F9-7B40-43C7-9A6B-C42D56EE56D5}.Release|x64.ActiveCfg = Release|Any CPU
		{083CF0F9-7B40-43C7-9A6B-C42D56EE56D5}.Release|x64.Build.0 = Release|Any CPU
		{083CF0F9-7B40-43C7-9A6B-C42D56EE56D5}.Release|x86.ActiveCfg = Release|Any CPU
		{083CF0F9-7B40-43C7-9A6B-C42D56EE56D5}.Release|x86.Build.0 = Release|Any CPU
		{BDA39A43-86A3-4087-BD64-94B4B528E5AF}.Debug|Any CPU.ActiveCfg = Debug|Any CPU
		{BDA39A43-86A3-4087-BD64-94B4B528E5AF}.Debug|Any CPU.Build.0 = Debug|Any CPU
		{BDA39A43-86A3-4087-BD64-94B4B528E5AF}.Debug|x64.ActiveCfg = Debug|Any CPU
		{BDA39A43-86A3-4087-BD64-94B4B528E5AF}.Debug|x64.Build.0 = Debug|Any CPU
		{BDA39A43-86A3-4087-BD64-94B4B528E5AF}.Debug|x86.ActiveCfg = Debug|Any CPU
		{BDA39A43-86A3-4087-BD64-94B4B528E5AF}.Debug|x86.Build.0 = Debug|Any CPU
		{BDA39A43-86A3-4087-BD64-94B4B528E5AF}.Release|Any CPU.ActiveCfg = Release|Any CPU
		{BDA39A43-86A3-4087-BD64-94B4B528E5AF}.Release|Any CPU.Build.0 = Release|Any CPU
		{BDA39A43-86A3-4087-BD64-94B4B528E5AF}.Release|x64.ActiveCfg = Release|Any CPU
		{BDA39A43-86A3-4087-BD64-94B4B528E5AF}.Release|x64.Build.0 = Release|Any CPU
		{BDA39A43-86A3-4087-BD64-94B4B528E5AF}.Release|x86.ActiveCfg = Release|Any CPU
		{BDA39A43-86A3-4087-BD64-94B4B528E5AF}.Release|x86.Build.0 = Release|Any CPU
		{492C5C7F-45A3-44B5-A80F-131E827381CB}.Debug|Any CPU.ActiveCfg = Debug|Any CPU
		{492C5C7F-45A3-44B5-A80F-131E827381CB}.Debug|Any CPU.Build.0 = Debug|Any CPU
		{492C5C7F-45A3-44B5-A80F-131E827381CB}.Debug|x64.ActiveCfg = Debug|Any CPU
		{492C5C7F-45A3-44B5-A80F-131E827381CB}.Debug|x64.Build.0 = Debug|Any CPU
		{492C5C7F-45A3-44B5-A80F-131E827381CB}.Debug|x86.ActiveCfg = Debug|Any CPU
		{492C5C7F-45A3-44B5-A80F-131E827381CB}.Debug|x86.Build.0 = Debug|Any CPU
		{492C5C7F-45A3-44B5-A80F-131E827381CB}.Release|Any CPU.ActiveCfg = Release|Any CPU
		{492C5C7F-45A3-44B5-A80F-131E827381CB}.Release|Any CPU.Build.0 = Release|Any CPU
		{492C5C7F-45A3-44B5-A80F-131E827381CB}.Release|x64.ActiveCfg = Release|Any CPU
		{492C5C7F-45A3-44B5-A80F-131E827381CB}.Release|x64.Build.0 = Release|Any CPU
		{492C5C7F-45A3-44B5-A80F-131E827381CB}.Release|x86.ActiveCfg = Release|Any CPU
		{492C5C7F-45A3-44B5-A80F-131E827381CB}.Release|x86.Build.0 = Release|Any CPU
		{E53D01E2-3318-4A57-9B17-A1ACA96D35BB}.Debug|Any CPU.ActiveCfg = Debug|Any CPU
		{E53D01E2-3318-4A57-9B17-A1ACA96D35BB}.Debug|Any CPU.Build.0 = Debug|Any CPU
		{E53D01E2-3318-4A57-9B17-A1ACA96D35BB}.Debug|x64.ActiveCfg = Debug|Any CPU
		{E53D01E2-3318-4A57-9B17-A1ACA96D35BB}.Debug|x64.Build.0 = Debug|Any CPU
		{E53D01E2-3318-4A57-9B17-A1ACA96D35BB}.Debug|x86.ActiveCfg = Debug|Any CPU
		{E53D01E2-3318-4A57-9B17-A1ACA96D35BB}.Debug|x86.Build.0 = Debug|Any CPU
		{E53D01E2-3318-4A57-9B17-A1ACA96D35BB}.Release|Any CPU.ActiveCfg = Release|Any CPU
		{E53D01E2-3318-4A57-9B17-A1ACA96D35BB}.Release|Any CPU.Build.0 = Release|Any CPU
		{E53D01E2-3318-4A57-9B17-A1ACA96D35BB}.Release|x64.ActiveCfg = Release|Any CPU
		{E53D01E2-3318-4A57-9B17-A1ACA96D35BB}.Release|x64.Build.0 = Release|Any CPU
		{E53D01E2-3318-4A57-9B17-A1ACA96D35BB}.Release|x86.ActiveCfg = Release|Any CPU
		{E53D01E2-3318-4A57-9B17-A1ACA96D35BB}.Release|x86.Build.0 = Release|Any CPU
		{31DF0118-96BD-4686-BFF8-64476D5718F0}.Debug|Any CPU.ActiveCfg = Debug|Any CPU
		{31DF0118-96BD-4686-BFF8-64476D5718F0}.Debug|Any CPU.Build.0 = Debug|Any CPU
		{31DF0118-96BD-4686-BFF8-64476D5718F0}.Debug|x64.ActiveCfg = Debug|Any CPU
		{31DF0118-96BD-4686-BFF8-64476D5718F0}.Debug|x64.Build.0 = Debug|Any CPU
		{31DF0118-96BD-4686-BFF8-64476D5718F0}.Debug|x86.ActiveCfg = Debug|Any CPU
		{31DF0118-96BD-4686-BFF8-64476D5718F0}.Debug|x86.Build.0 = Debug|Any CPU
		{31DF0118-96BD-4686-BFF8-64476D5718F0}.Release|Any CPU.ActiveCfg = Release|Any CPU
		{31DF0118-96BD-4686-BFF8-64476D5718F0}.Release|Any CPU.Build.0 = Release|Any CPU
		{31DF0118-96BD-4686-BFF8-64476D5718F0}.Release|x64.ActiveCfg = Release|Any CPU
		{31DF0118-96BD-4686-BFF8-64476D5718F0}.Release|x64.Build.0 = Release|Any CPU
		{31DF0118-96BD-4686-BFF8-64476D5718F0}.Release|x86.ActiveCfg = Release|Any CPU
		{31DF0118-96BD-4686-BFF8-64476D5718F0}.Release|x86.Build.0 = Release|Any CPU
		{C801B94D-DD2B-4200-A7B1-0DDB22C4E1EA}.Debug|Any CPU.ActiveCfg = Debug|Any CPU
		{C801B94D-DD2B-4200-A7B1-0DDB22C4E1EA}.Debug|Any CPU.Build.0 = Debug|Any CPU
		{C801B94D-DD2B-4200-A7B1-0DDB22C4E1EA}.Debug|x64.ActiveCfg = Debug|Any CPU
		{C801B94D-DD2B-4200-A7B1-0DDB22C4E1EA}.Debug|x64.Build.0 = Debug|Any CPU
		{C801B94D-DD2B-4200-A7B1-0DDB22C4E1EA}.Debug|x86.ActiveCfg = Debug|Any CPU
		{C801B94D-DD2B-4200-A7B1-0DDB22C4E1EA}.Debug|x86.Build.0 = Debug|Any CPU
		{C801B94D-DD2B-4200-A7B1-0DDB22C4E1EA}.Release|Any CPU.ActiveCfg = Release|Any CPU
		{C801B94D-DD2B-4200-A7B1-0DDB22C4E1EA}.Release|Any CPU.Build.0 = Release|Any CPU
		{C801B94D-DD2B-4200-A7B1-0DDB22C4E1EA}.Release|x64.ActiveCfg = Release|Any CPU
		{C801B94D-DD2B-4200-A7B1-0DDB22C4E1EA}.Release|x64.Build.0 = Release|Any CPU
		{C801B94D-DD2B-4200-A7B1-0DDB22C4E1EA}.Release|x86.ActiveCfg = Release|Any CPU
		{C801B94D-DD2B-4200-A7B1-0DDB22C4E1EA}.Release|x86.Build.0 = Release|Any CPU
		{C4B63318-34B1-4D3B-9C43-3BC7E589DACC}.Debug|Any CPU.ActiveCfg = Debug|Any CPU
		{C4B63318-34B1-4D3B-9C43-3BC7E589DACC}.Debug|Any CPU.Build.0 = Debug|Any CPU
		{C4B63318-34B1-4D3B-9C43-3BC7E589DACC}.Debug|x64.ActiveCfg = Debug|Any CPU
		{C4B63318-34B1-4D3B-9C43-3BC7E589DACC}.Debug|x64.Build.0 = Debug|Any CPU
		{C4B63318-34B1-4D3B-9C43-3BC7E589DACC}.Debug|x86.ActiveCfg = Debug|Any CPU
		{C4B63318-34B1-4D3B-9C43-3BC7E589DACC}.Debug|x86.Build.0 = Debug|Any CPU
		{C4B63318-34B1-4D3B-9C43-3BC7E589DACC}.Release|Any CPU.ActiveCfg = Release|Any CPU
		{C4B63318-34B1-4D3B-9C43-3BC7E589DACC}.Release|Any CPU.Build.0 = Release|Any CPU
		{C4B63318-34B1-4D3B-9C43-3BC7E589DACC}.Release|x64.ActiveCfg = Release|Any CPU
		{C4B63318-34B1-4D3B-9C43-3BC7E589DACC}.Release|x64.Build.0 = Release|Any CPU
		{C4B63318-34B1-4D3B-9C43-3BC7E589DACC}.Release|x86.ActiveCfg = Release|Any CPU
		{C4B63318-34B1-4D3B-9C43-3BC7E589DACC}.Release|x86.Build.0 = Release|Any CPU
		{6BFA017A-42A5-4109-B359-E3824E68E64A}.Debug|Any CPU.ActiveCfg = Debug|Any CPU
		{6BFA017A-42A5-4109-B359-E3824E68E64A}.Debug|Any CPU.Build.0 = Debug|Any CPU
		{6BFA017A-42A5-4109-B359-E3824E68E64A}.Debug|x64.ActiveCfg = Debug|Any CPU
		{6BFA017A-42A5-4109-B359-E3824E68E64A}.Debug|x64.Build.0 = Debug|Any CPU
		{6BFA017A-42A5-4109-B359-E3824E68E64A}.Debug|x86.ActiveCfg = Debug|Any CPU
		{6BFA017A-42A5-4109-B359-E3824E68E64A}.Debug|x86.Build.0 = Debug|Any CPU
		{6BFA017A-42A5-4109-B359-E3824E68E64A}.Release|Any CPU.ActiveCfg = Release|Any CPU
		{6BFA017A-42A5-4109-B359-E3824E68E64A}.Release|Any CPU.Build.0 = Release|Any CPU
		{6BFA017A-42A5-4109-B359-E3824E68E64A}.Release|x64.ActiveCfg = Release|Any CPU
		{6BFA017A-42A5-4109-B359-E3824E68E64A}.Release|x64.Build.0 = Release|Any CPU
		{6BFA017A-42A5-4109-B359-E3824E68E64A}.Release|x86.ActiveCfg = Release|Any CPU
		{6BFA017A-42A5-4109-B359-E3824E68E64A}.Release|x86.Build.0 = Release|Any CPU
		{06B4726D-8D08-462E-B7DC-2243D7709C20}.Debug|Any CPU.ActiveCfg = Debug|Any CPU
		{06B4726D-8D08-462E-B7DC-2243D7709C20}.Debug|Any CPU.Build.0 = Debug|Any CPU
		{06B4726D-8D08-462E-B7DC-2243D7709C20}.Debug|x64.ActiveCfg = Debug|Any CPU
		{06B4726D-8D08-462E-B7DC-2243D7709C20}.Debug|x64.Build.0 = Debug|Any CPU
		{06B4726D-8D08-462E-B7DC-2243D7709C20}.Debug|x86.ActiveCfg = Debug|Any CPU
		{06B4726D-8D08-462E-B7DC-2243D7709C20}.Debug|x86.Build.0 = Debug|Any CPU
		{06B4726D-8D08-462E-B7DC-2243D7709C20}.Release|Any CPU.ActiveCfg = Release|Any CPU
		{06B4726D-8D08-462E-B7DC-2243D7709C20}.Release|Any CPU.Build.0 = Release|Any CPU
		{06B4726D-8D08-462E-B7DC-2243D7709C20}.Release|x64.ActiveCfg = Release|Any CPU
		{06B4726D-8D08-462E-B7DC-2243D7709C20}.Release|x64.Build.0 = Release|Any CPU
		{06B4726D-8D08-462E-B7DC-2243D7709C20}.Release|x86.ActiveCfg = Release|Any CPU
		{06B4726D-8D08-462E-B7DC-2243D7709C20}.Release|x86.Build.0 = Release|Any CPU
		{E72CF16C-1E2E-4C44-BB52-B0DB48C2C6B1}.Debug|Any CPU.ActiveCfg = Debug|Any CPU
		{E72CF16C-1E2E-4C44-BB52-B0DB48C2C6B1}.Debug|Any CPU.Build.0 = Debug|Any CPU
		{E72CF16C-1E2E-4C44-BB52-B0DB48C2C6B1}.Debug|x64.ActiveCfg = Debug|Any CPU
		{E72CF16C-1E2E-4C44-BB52-B0DB48C2C6B1}.Debug|x64.Build.0 = Debug|Any CPU
		{E72CF16C-1E2E-4C44-BB52-B0DB48C2C6B1}.Debug|x86.ActiveCfg = Debug|Any CPU
		{E72CF16C-1E2E-4C44-BB52-B0DB48C2C6B1}.Debug|x86.Build.0 = Debug|Any CPU
		{E72CF16C-1E2E-4C44-BB52-B0DB48C2C6B1}.Release|Any CPU.ActiveCfg = Release|Any CPU
		{E72CF16C-1E2E-4C44-BB52-B0DB48C2C6B1}.Release|Any CPU.Build.0 = Release|Any CPU
		{E72CF16C-1E2E-4C44-BB52-B0DB48C2C6B1}.Release|x64.ActiveCfg = Release|Any CPU
		{E72CF16C-1E2E-4C44-BB52-B0DB48C2C6B1}.Release|x64.Build.0 = Release|Any CPU
		{E72CF16C-1E2E-4C44-BB52-B0DB48C2C6B1}.Release|x86.ActiveCfg = Release|Any CPU
		{E72CF16C-1E2E-4C44-BB52-B0DB48C2C6B1}.Release|x86.Build.0 = Release|Any CPU
		{0B3E7695-F87E-45F2-A941-22C03F095C80}.Debug|Any CPU.ActiveCfg = Debug|Any CPU
		{0B3E7695-F87E-45F2-A941-22C03F095C80}.Debug|Any CPU.Build.0 = Debug|Any CPU
		{0B3E7695-F87E-45F2-A941-22C03F095C80}.Debug|x64.ActiveCfg = Debug|Any CPU
		{0B3E7695-F87E-45F2-A941-22C03F095C80}.Debug|x64.Build.0 = Debug|Any CPU
		{0B3E7695-F87E-45F2-A941-22C03F095C80}.Debug|x86.ActiveCfg = Debug|Any CPU
		{0B3E7695-F87E-45F2-A941-22C03F095C80}.Debug|x86.Build.0 = Debug|Any CPU
		{0B3E7695-F87E-45F2-A941-22C03F095C80}.Release|Any CPU.ActiveCfg = Release|Any CPU
		{0B3E7695-F87E-45F2-A941-22C03F095C80}.Release|Any CPU.Build.0 = Release|Any CPU
		{0B3E7695-F87E-45F2-A941-22C03F095C80}.Release|x64.ActiveCfg = Release|Any CPU
		{0B3E7695-F87E-45F2-A941-22C03F095C80}.Release|x64.Build.0 = Release|Any CPU
		{0B3E7695-F87E-45F2-A941-22C03F095C80}.Release|x86.ActiveCfg = Release|Any CPU
		{0B3E7695-F87E-45F2-A941-22C03F095C80}.Release|x86.Build.0 = Release|Any CPU
		{8A9E4DAE-D018-4946-978B-E9C474623806}.Debug|Any CPU.ActiveCfg = Debug|Any CPU
		{8A9E4DAE-D018-4946-978B-E9C474623806}.Debug|Any CPU.Build.0 = Debug|Any CPU
		{8A9E4DAE-D018-4946-978B-E9C474623806}.Debug|x64.ActiveCfg = Debug|Any CPU
		{8A9E4DAE-D018-4946-978B-E9C474623806}.Debug|x64.Build.0 = Debug|Any CPU
		{8A9E4DAE-D018-4946-978B-E9C474623806}.Debug|x86.ActiveCfg = Debug|Any CPU
		{8A9E4DAE-D018-4946-978B-E9C474623806}.Debug|x86.Build.0 = Debug|Any CPU
		{8A9E4DAE-D018-4946-978B-E9C474623806}.Release|Any CPU.ActiveCfg = Release|Any CPU
		{8A9E4DAE-D018-4946-978B-E9C474623806}.Release|Any CPU.Build.0 = Release|Any CPU
		{8A9E4DAE-D018-4946-978B-E9C474623806}.Release|x64.ActiveCfg = Release|Any CPU
		{8A9E4DAE-D018-4946-978B-E9C474623806}.Release|x64.Build.0 = Release|Any CPU
		{8A9E4DAE-D018-4946-978B-E9C474623806}.Release|x86.ActiveCfg = Release|Any CPU
		{8A9E4DAE-D018-4946-978B-E9C474623806}.Release|x86.Build.0 = Release|Any CPU
		{F78B0AF1-EA91-46F7-A3C4-E3D083B4728C}.Debug|Any CPU.ActiveCfg = Debug|Any CPU
		{F78B0AF1-EA91-46F7-A3C4-E3D083B4728C}.Debug|Any CPU.Build.0 = Debug|Any CPU
		{F78B0AF1-EA91-46F7-A3C4-E3D083B4728C}.Debug|x64.ActiveCfg = Debug|Any CPU
		{F78B0AF1-EA91-46F7-A3C4-E3D083B4728C}.Debug|x64.Build.0 = Debug|Any CPU
		{F78B0AF1-EA91-46F7-A3C4-E3D083B4728C}.Debug|x86.ActiveCfg = Debug|Any CPU
		{F78B0AF1-EA91-46F7-A3C4-E3D083B4728C}.Debug|x86.Build.0 = Debug|Any CPU
		{F78B0AF1-EA91-46F7-A3C4-E3D083B4728C}.Release|Any CPU.ActiveCfg = Release|Any CPU
		{F78B0AF1-EA91-46F7-A3C4-E3D083B4728C}.Release|Any CPU.Build.0 = Release|Any CPU
		{F78B0AF1-EA91-46F7-A3C4-E3D083B4728C}.Release|x64.ActiveCfg = Release|Any CPU
		{F78B0AF1-EA91-46F7-A3C4-E3D083B4728C}.Release|x64.Build.0 = Release|Any CPU
		{F78B0AF1-EA91-46F7-A3C4-E3D083B4728C}.Release|x86.ActiveCfg = Release|Any CPU
		{F78B0AF1-EA91-46F7-A3C4-E3D083B4728C}.Release|x86.Build.0 = Release|Any CPU
		{DF2D21E3-28BA-49A8-BD1A-1E169B7FDB56}.Debug|Any CPU.ActiveCfg = Debug|Any CPU
		{DF2D21E3-28BA-49A8-BD1A-1E169B7FDB56}.Debug|Any CPU.Build.0 = Debug|Any CPU
		{DF2D21E3-28BA-49A8-BD1A-1E169B7FDB56}.Debug|x64.ActiveCfg = Debug|Any CPU
		{DF2D21E3-28BA-49A8-BD1A-1E169B7FDB56}.Debug|x64.Build.0 = Debug|Any CPU
		{DF2D21E3-28BA-49A8-BD1A-1E169B7FDB56}.Debug|x86.ActiveCfg = Debug|Any CPU
		{DF2D21E3-28BA-49A8-BD1A-1E169B7FDB56}.Debug|x86.Build.0 = Debug|Any CPU
		{DF2D21E3-28BA-49A8-BD1A-1E169B7FDB56}.Release|Any CPU.ActiveCfg = Release|Any CPU
		{DF2D21E3-28BA-49A8-BD1A-1E169B7FDB56}.Release|Any CPU.Build.0 = Release|Any CPU
		{DF2D21E3-28BA-49A8-BD1A-1E169B7FDB56}.Release|x64.ActiveCfg = Release|Any CPU
		{DF2D21E3-28BA-49A8-BD1A-1E169B7FDB56}.Release|x64.Build.0 = Release|Any CPU
		{DF2D21E3-28BA-49A8-BD1A-1E169B7FDB56}.Release|x86.ActiveCfg = Release|Any CPU
		{DF2D21E3-28BA-49A8-BD1A-1E169B7FDB56}.Release|x86.Build.0 = Release|Any CPU
		{818024DE-913E-49EA-866E-481F25F5306C}.Debug|Any CPU.ActiveCfg = Debug|Any CPU
		{818024DE-913E-49EA-866E-481F25F5306C}.Debug|Any CPU.Build.0 = Debug|Any CPU
		{818024DE-913E-49EA-866E-481F25F5306C}.Debug|x64.ActiveCfg = Debug|Any CPU
		{818024DE-913E-49EA-866E-481F25F5306C}.Debug|x64.Build.0 = Debug|Any CPU
		{818024DE-913E-49EA-866E-481F25F5306C}.Debug|x86.ActiveCfg = Debug|Any CPU
		{818024DE-913E-49EA-866E-481F25F5306C}.Debug|x86.Build.0 = Debug|Any CPU
		{818024DE-913E-49EA-866E-481F25F5306C}.Release|Any CPU.ActiveCfg = Release|Any CPU
		{818024DE-913E-49EA-866E-481F25F5306C}.Release|Any CPU.Build.0 = Release|Any CPU
		{818024DE-913E-49EA-866E-481F25F5306C}.Release|x64.ActiveCfg = Release|Any CPU
		{818024DE-913E-49EA-866E-481F25F5306C}.Release|x64.Build.0 = Release|Any CPU
		{818024DE-913E-49EA-866E-481F25F5306C}.Release|x86.ActiveCfg = Release|Any CPU
		{818024DE-913E-49EA-866E-481F25F5306C}.Release|x86.Build.0 = Release|Any CPU
		{EAB9B778-3D3D-48B9-9C92-FA600D690B55}.Debug|Any CPU.ActiveCfg = Debug|Any CPU
		{EAB9B778-3D3D-48B9-9C92-FA600D690B55}.Debug|Any CPU.Build.0 = Debug|Any CPU
		{EAB9B778-3D3D-48B9-9C92-FA600D690B55}.Debug|x64.ActiveCfg = Debug|Any CPU
		{EAB9B778-3D3D-48B9-9C92-FA600D690B55}.Debug|x64.Build.0 = Debug|Any CPU
		{EAB9B778-3D3D-48B9-9C92-FA600D690B55}.Debug|x86.ActiveCfg = Debug|Any CPU
		{EAB9B778-3D3D-48B9-9C92-FA600D690B55}.Debug|x86.Build.0 = Debug|Any CPU
		{EAB9B778-3D3D-48B9-9C92-FA600D690B55}.Release|Any CPU.ActiveCfg = Release|Any CPU
		{EAB9B778-3D3D-48B9-9C92-FA600D690B55}.Release|Any CPU.Build.0 = Release|Any CPU
		{EAB9B778-3D3D-48B9-9C92-FA600D690B55}.Release|x64.ActiveCfg = Release|Any CPU
		{EAB9B778-3D3D-48B9-9C92-FA600D690B55}.Release|x64.Build.0 = Release|Any CPU
		{EAB9B778-3D3D-48B9-9C92-FA600D690B55}.Release|x86.ActiveCfg = Release|Any CPU
		{EAB9B778-3D3D-48B9-9C92-FA600D690B55}.Release|x86.Build.0 = Release|Any CPU
		{B5CC064F-C1C0-4BE9-9AF0-99D4CF7DFCD8}.Debug|Any CPU.ActiveCfg = Debug|Any CPU
		{B5CC064F-C1C0-4BE9-9AF0-99D4CF7DFCD8}.Debug|Any CPU.Build.0 = Debug|Any CPU
		{B5CC064F-C1C0-4BE9-9AF0-99D4CF7DFCD8}.Debug|x64.ActiveCfg = Debug|Any CPU
		{B5CC064F-C1C0-4BE9-9AF0-99D4CF7DFCD8}.Debug|x64.Build.0 = Debug|Any CPU
		{B5CC064F-C1C0-4BE9-9AF0-99D4CF7DFCD8}.Debug|x86.ActiveCfg = Debug|Any CPU
		{B5CC064F-C1C0-4BE9-9AF0-99D4CF7DFCD8}.Debug|x86.Build.0 = Debug|Any CPU
		{B5CC064F-C1C0-4BE9-9AF0-99D4CF7DFCD8}.Release|Any CPU.ActiveCfg = Release|Any CPU
		{B5CC064F-C1C0-4BE9-9AF0-99D4CF7DFCD8}.Release|Any CPU.Build.0 = Release|Any CPU
		{B5CC064F-C1C0-4BE9-9AF0-99D4CF7DFCD8}.Release|x64.ActiveCfg = Release|Any CPU
		{B5CC064F-C1C0-4BE9-9AF0-99D4CF7DFCD8}.Release|x64.Build.0 = Release|Any CPU
		{B5CC064F-C1C0-4BE9-9AF0-99D4CF7DFCD8}.Release|x86.ActiveCfg = Release|Any CPU
		{B5CC064F-C1C0-4BE9-9AF0-99D4CF7DFCD8}.Release|x86.Build.0 = Release|Any CPU
		{3027B718-127D-4FDF-9234-1B96583978AC}.Debug|Any CPU.ActiveCfg = Debug|Any CPU
		{3027B718-127D-4FDF-9234-1B96583978AC}.Debug|Any CPU.Build.0 = Debug|Any CPU
		{3027B718-127D-4FDF-9234-1B96583978AC}.Debug|x64.ActiveCfg = Debug|Any CPU
		{3027B718-127D-4FDF-9234-1B96583978AC}.Debug|x64.Build.0 = Debug|Any CPU
		{3027B718-127D-4FDF-9234-1B96583978AC}.Debug|x86.ActiveCfg = Debug|Any CPU
		{3027B718-127D-4FDF-9234-1B96583978AC}.Debug|x86.Build.0 = Debug|Any CPU
		{3027B718-127D-4FDF-9234-1B96583978AC}.Release|Any CPU.ActiveCfg = Release|Any CPU
		{3027B718-127D-4FDF-9234-1B96583978AC}.Release|Any CPU.Build.0 = Release|Any CPU
		{3027B718-127D-4FDF-9234-1B96583978AC}.Release|x64.ActiveCfg = Release|Any CPU
		{3027B718-127D-4FDF-9234-1B96583978AC}.Release|x64.Build.0 = Release|Any CPU
		{3027B718-127D-4FDF-9234-1B96583978AC}.Release|x86.ActiveCfg = Release|Any CPU
		{3027B718-127D-4FDF-9234-1B96583978AC}.Release|x86.Build.0 = Release|Any CPU
		{4D1820E7-E484-4AB8-86AB-1385BA61589F}.Debug|Any CPU.ActiveCfg = Debug|Any CPU
		{4D1820E7-E484-4AB8-86AB-1385BA61589F}.Debug|Any CPU.Build.0 = Debug|Any CPU
		{4D1820E7-E484-4AB8-86AB-1385BA61589F}.Debug|x64.ActiveCfg = Debug|Any CPU
		{4D1820E7-E484-4AB8-86AB-1385BA61589F}.Debug|x64.Build.0 = Debug|Any CPU
		{4D1820E7-E484-4AB8-86AB-1385BA61589F}.Debug|x86.ActiveCfg = Debug|Any CPU
		{4D1820E7-E484-4AB8-86AB-1385BA61589F}.Debug|x86.Build.0 = Debug|Any CPU
		{4D1820E7-E484-4AB8-86AB-1385BA61589F}.Release|Any CPU.ActiveCfg = Release|Any CPU
		{4D1820E7-E484-4AB8-86AB-1385BA61589F}.Release|Any CPU.Build.0 = Release|Any CPU
		{4D1820E7-E484-4AB8-86AB-1385BA61589F}.Release|x64.ActiveCfg = Release|Any CPU
		{4D1820E7-E484-4AB8-86AB-1385BA61589F}.Release|x64.Build.0 = Release|Any CPU
		{4D1820E7-E484-4AB8-86AB-1385BA61589F}.Release|x86.ActiveCfg = Release|Any CPU
		{4D1820E7-E484-4AB8-86AB-1385BA61589F}.Release|x86.Build.0 = Release|Any CPU
		{550E5CE5-CB75-E67D-CC83-96ADE40A9F77}.Debug|Any CPU.ActiveCfg = Debug|Any CPU
		{550E5CE5-CB75-E67D-CC83-96ADE40A9F77}.Debug|Any CPU.Build.0 = Debug|Any CPU
		{550E5CE5-CB75-E67D-CC83-96ADE40A9F77}.Debug|x64.ActiveCfg = Debug|Any CPU
		{550E5CE5-CB75-E67D-CC83-96ADE40A9F77}.Debug|x64.Build.0 = Debug|Any CPU
		{550E5CE5-CB75-E67D-CC83-96ADE40A9F77}.Debug|x86.ActiveCfg = Debug|Any CPU
		{550E5CE5-CB75-E67D-CC83-96ADE40A9F77}.Debug|x86.Build.0 = Debug|Any CPU
		{550E5CE5-CB75-E67D-CC83-96ADE40A9F77}.Release|Any CPU.ActiveCfg = Release|Any CPU
		{550E5CE5-CB75-E67D-CC83-96ADE40A9F77}.Release|Any CPU.Build.0 = Release|Any CPU
		{550E5CE5-CB75-E67D-CC83-96ADE40A9F77}.Release|x64.ActiveCfg = Release|Any CPU
		{550E5CE5-CB75-E67D-CC83-96ADE40A9F77}.Release|x64.Build.0 = Release|Any CPU
		{550E5CE5-CB75-E67D-CC83-96ADE40A9F77}.Release|x86.ActiveCfg = Release|Any CPU
		{550E5CE5-CB75-E67D-CC83-96ADE40A9F77}.Release|x86.Build.0 = Release|Any CPU
		{5DB50485-5BB8-C2FB-A1A5-DDE64DF144A3}.Debug|Any CPU.ActiveCfg = Debug|Any CPU
		{5DB50485-5BB8-C2FB-A1A5-DDE64DF144A3}.Debug|Any CPU.Build.0 = Debug|Any CPU
		{5DB50485-5BB8-C2FB-A1A5-DDE64DF144A3}.Debug|x64.ActiveCfg = Debug|Any CPU
		{5DB50485-5BB8-C2FB-A1A5-DDE64DF144A3}.Debug|x64.Build.0 = Debug|Any CPU
		{5DB50485-5BB8-C2FB-A1A5-DDE64DF144A3}.Debug|x86.ActiveCfg = Debug|Any CPU
		{5DB50485-5BB8-C2FB-A1A5-DDE64DF144A3}.Debug|x86.Build.0 = Debug|Any CPU
		{5DB50485-5BB8-C2FB-A1A5-DDE64DF144A3}.Release|Any CPU.ActiveCfg = Release|Any CPU
		{5DB50485-5BB8-C2FB-A1A5-DDE64DF144A3}.Release|Any CPU.Build.0 = Release|Any CPU
		{5DB50485-5BB8-C2FB-A1A5-DDE64DF144A3}.Release|x64.ActiveCfg = Release|Any CPU
		{5DB50485-5BB8-C2FB-A1A5-DDE64DF144A3}.Release|x64.Build.0 = Release|Any CPU
		{5DB50485-5BB8-C2FB-A1A5-DDE64DF144A3}.Release|x86.ActiveCfg = Release|Any CPU
		{5DB50485-5BB8-C2FB-A1A5-DDE64DF144A3}.Release|x86.Build.0 = Release|Any CPU
		{C73CB86E-0079-928D-578F-60E8CE22342D}.Debug|Any CPU.ActiveCfg = Debug|Any CPU
		{C73CB86E-0079-928D-578F-60E8CE22342D}.Debug|Any CPU.Build.0 = Debug|Any CPU
		{C73CB86E-0079-928D-578F-60E8CE22342D}.Debug|x64.ActiveCfg = Debug|Any CPU
		{C73CB86E-0079-928D-578F-60E8CE22342D}.Debug|x64.Build.0 = Debug|Any CPU
		{C73CB86E-0079-928D-578F-60E8CE22342D}.Debug|x86.ActiveCfg = Debug|Any CPU
		{C73CB86E-0079-928D-578F-60E8CE22342D}.Debug|x86.Build.0 = Debug|Any CPU
		{C73CB86E-0079-928D-578F-60E8CE22342D}.Release|Any CPU.ActiveCfg = Release|Any CPU
		{C73CB86E-0079-928D-578F-60E8CE22342D}.Release|Any CPU.Build.0 = Release|Any CPU
		{C73CB86E-0079-928D-578F-60E8CE22342D}.Release|x64.ActiveCfg = Release|Any CPU
		{C73CB86E-0079-928D-578F-60E8CE22342D}.Release|x64.Build.0 = Release|Any CPU
		{C73CB86E-0079-928D-578F-60E8CE22342D}.Release|x86.ActiveCfg = Release|Any CPU
		{C73CB86E-0079-928D-578F-60E8CE22342D}.Release|x86.Build.0 = Release|Any CPU
		{1139841C-A270-7358-F07E-599D74AA3A6F}.Debug|Any CPU.ActiveCfg = Debug|Any CPU
		{1139841C-A270-7358-F07E-599D74AA3A6F}.Debug|Any CPU.Build.0 = Debug|Any CPU
		{1139841C-A270-7358-F07E-599D74AA3A6F}.Debug|x64.ActiveCfg = Debug|Any CPU
		{1139841C-A270-7358-F07E-599D74AA3A6F}.Debug|x64.Build.0 = Debug|Any CPU
		{1139841C-A270-7358-F07E-599D74AA3A6F}.Debug|x86.ActiveCfg = Debug|Any CPU
		{1139841C-A270-7358-F07E-599D74AA3A6F}.Debug|x86.Build.0 = Debug|Any CPU
		{1139841C-A270-7358-F07E-599D74AA3A6F}.Release|Any CPU.ActiveCfg = Release|Any CPU
		{1139841C-A270-7358-F07E-599D74AA3A6F}.Release|Any CPU.Build.0 = Release|Any CPU
		{1139841C-A270-7358-F07E-599D74AA3A6F}.Release|x64.ActiveCfg = Release|Any CPU
		{1139841C-A270-7358-F07E-599D74AA3A6F}.Release|x64.Build.0 = Release|Any CPU
		{1139841C-A270-7358-F07E-599D74AA3A6F}.Release|x86.ActiveCfg = Release|Any CPU
		{1139841C-A270-7358-F07E-599D74AA3A6F}.Release|x86.Build.0 = Release|Any CPU
		{EE1C039D-ADC6-623C-7EF1-960B27FC76EB}.Debug|Any CPU.ActiveCfg = Debug|Any CPU
		{EE1C039D-ADC6-623C-7EF1-960B27FC76EB}.Debug|Any CPU.Build.0 = Debug|Any CPU
		{EE1C039D-ADC6-623C-7EF1-960B27FC76EB}.Debug|x64.ActiveCfg = Debug|Any CPU
		{EE1C039D-ADC6-623C-7EF1-960B27FC76EB}.Debug|x64.Build.0 = Debug|Any CPU
		{EE1C039D-ADC6-623C-7EF1-960B27FC76EB}.Debug|x86.ActiveCfg = Debug|Any CPU
		{EE1C039D-ADC6-623C-7EF1-960B27FC76EB}.Debug|x86.Build.0 = Debug|Any CPU
		{EE1C039D-ADC6-623C-7EF1-960B27FC76EB}.Release|Any CPU.ActiveCfg = Release|Any CPU
		{EE1C039D-ADC6-623C-7EF1-960B27FC76EB}.Release|Any CPU.Build.0 = Release|Any CPU
		{EE1C039D-ADC6-623C-7EF1-960B27FC76EB}.Release|x64.ActiveCfg = Release|Any CPU
		{EE1C039D-ADC6-623C-7EF1-960B27FC76EB}.Release|x64.Build.0 = Release|Any CPU
		{EE1C039D-ADC6-623C-7EF1-960B27FC76EB}.Release|x86.ActiveCfg = Release|Any CPU
		{EE1C039D-ADC6-623C-7EF1-960B27FC76EB}.Release|x86.Build.0 = Release|Any CPU
		{03F31B3A-BD7D-A6C8-AFA2-A0C362A6C566}.Debug|Any CPU.ActiveCfg = Debug|Any CPU
		{03F31B3A-BD7D-A6C8-AFA2-A0C362A6C566}.Debug|Any CPU.Build.0 = Debug|Any CPU
		{03F31B3A-BD7D-A6C8-AFA2-A0C362A6C566}.Debug|x64.ActiveCfg = Debug|Any CPU
		{03F31B3A-BD7D-A6C8-AFA2-A0C362A6C566}.Debug|x64.Build.0 = Debug|Any CPU
		{03F31B3A-BD7D-A6C8-AFA2-A0C362A6C566}.Debug|x86.ActiveCfg = Debug|Any CPU
		{03F31B3A-BD7D-A6C8-AFA2-A0C362A6C566}.Debug|x86.Build.0 = Debug|Any CPU
		{03F31B3A-BD7D-A6C8-AFA2-A0C362A6C566}.Release|Any CPU.ActiveCfg = Release|Any CPU
		{03F31B3A-BD7D-A6C8-AFA2-A0C362A6C566}.Release|Any CPU.Build.0 = Release|Any CPU
		{03F31B3A-BD7D-A6C8-AFA2-A0C362A6C566}.Release|x64.ActiveCfg = Release|Any CPU
		{03F31B3A-BD7D-A6C8-AFA2-A0C362A6C566}.Release|x64.Build.0 = Release|Any CPU
		{03F31B3A-BD7D-A6C8-AFA2-A0C362A6C566}.Release|x86.ActiveCfg = Release|Any CPU
		{03F31B3A-BD7D-A6C8-AFA2-A0C362A6C566}.Release|x86.Build.0 = Release|Any CPU
		{AB0BEA65-2FC6-3751-8E8D-E871B12036E2}.Debug|Any CPU.ActiveCfg = Debug|Any CPU
		{AB0BEA65-2FC6-3751-8E8D-E871B12036E2}.Debug|Any CPU.Build.0 = Debug|Any CPU
		{AB0BEA65-2FC6-3751-8E8D-E871B12036E2}.Debug|x64.ActiveCfg = Debug|Any CPU
		{AB0BEA65-2FC6-3751-8E8D-E871B12036E2}.Debug|x64.Build.0 = Debug|Any CPU
		{AB0BEA65-2FC6-3751-8E8D-E871B12036E2}.Debug|x86.ActiveCfg = Debug|Any CPU
		{AB0BEA65-2FC6-3751-8E8D-E871B12036E2}.Debug|x86.Build.0 = Debug|Any CPU
		{AB0BEA65-2FC6-3751-8E8D-E871B12036E2}.Release|Any CPU.ActiveCfg = Release|Any CPU
		{AB0BEA65-2FC6-3751-8E8D-E871B12036E2}.Release|Any CPU.Build.0 = Release|Any CPU
		{AB0BEA65-2FC6-3751-8E8D-E871B12036E2}.Release|x64.ActiveCfg = Release|Any CPU
		{AB0BEA65-2FC6-3751-8E8D-E871B12036E2}.Release|x64.Build.0 = Release|Any CPU
		{AB0BEA65-2FC6-3751-8E8D-E871B12036E2}.Release|x86.ActiveCfg = Release|Any CPU
		{AB0BEA65-2FC6-3751-8E8D-E871B12036E2}.Release|x86.Build.0 = Release|Any CPU
		{3AB39E57-0140-FA7F-90D1-7CA2B0CFC789}.Debug|Any CPU.ActiveCfg = Debug|Any CPU
		{3AB39E57-0140-FA7F-90D1-7CA2B0CFC789}.Debug|Any CPU.Build.0 = Debug|Any CPU
		{3AB39E57-0140-FA7F-90D1-7CA2B0CFC789}.Debug|x64.ActiveCfg = Debug|Any CPU
		{3AB39E57-0140-FA7F-90D1-7CA2B0CFC789}.Debug|x64.Build.0 = Debug|Any CPU
		{3AB39E57-0140-FA7F-90D1-7CA2B0CFC789}.Debug|x86.ActiveCfg = Debug|Any CPU
		{3AB39E57-0140-FA7F-90D1-7CA2B0CFC789}.Debug|x86.Build.0 = Debug|Any CPU
		{3AB39E57-0140-FA7F-90D1-7CA2B0CFC789}.Release|Any CPU.ActiveCfg = Release|Any CPU
		{3AB39E57-0140-FA7F-90D1-7CA2B0CFC789}.Release|Any CPU.Build.0 = Release|Any CPU
		{3AB39E57-0140-FA7F-90D1-7CA2B0CFC789}.Release|x64.ActiveCfg = Release|Any CPU
		{3AB39E57-0140-FA7F-90D1-7CA2B0CFC789}.Release|x64.Build.0 = Release|Any CPU
		{3AB39E57-0140-FA7F-90D1-7CA2B0CFC789}.Release|x86.ActiveCfg = Release|Any CPU
		{3AB39E57-0140-FA7F-90D1-7CA2B0CFC789}.Release|x86.Build.0 = Release|Any CPU
		{D8FBC771-3E0E-CB60-B26C-E4599AB5AFA6}.Debug|Any CPU.ActiveCfg = Debug|Any CPU
		{D8FBC771-3E0E-CB60-B26C-E4599AB5AFA6}.Debug|Any CPU.Build.0 = Debug|Any CPU
		{D8FBC771-3E0E-CB60-B26C-E4599AB5AFA6}.Debug|x64.ActiveCfg = Debug|Any CPU
		{D8FBC771-3E0E-CB60-B26C-E4599AB5AFA6}.Debug|x64.Build.0 = Debug|Any CPU
		{D8FBC771-3E0E-CB60-B26C-E4599AB5AFA6}.Debug|x86.ActiveCfg = Debug|Any CPU
		{D8FBC771-3E0E-CB60-B26C-E4599AB5AFA6}.Debug|x86.Build.0 = Debug|Any CPU
		{D8FBC771-3E0E-CB60-B26C-E4599AB5AFA6}.Release|Any CPU.ActiveCfg = Release|Any CPU
		{D8FBC771-3E0E-CB60-B26C-E4599AB5AFA6}.Release|Any CPU.Build.0 = Release|Any CPU
		{D8FBC771-3E0E-CB60-B26C-E4599AB5AFA6}.Release|x64.ActiveCfg = Release|Any CPU
		{D8FBC771-3E0E-CB60-B26C-E4599AB5AFA6}.Release|x64.Build.0 = Release|Any CPU
		{D8FBC771-3E0E-CB60-B26C-E4599AB5AFA6}.Release|x86.ActiveCfg = Release|Any CPU
		{D8FBC771-3E0E-CB60-B26C-E4599AB5AFA6}.Release|x86.Build.0 = Release|Any CPU
		{9D98DFE0-A110-0275-D0E9-DC2138D1F82D}.Debug|Any CPU.ActiveCfg = Debug|Any CPU
		{9D98DFE0-A110-0275-D0E9-DC2138D1F82D}.Debug|Any CPU.Build.0 = Debug|Any CPU
		{9D98DFE0-A110-0275-D0E9-DC2138D1F82D}.Debug|x64.ActiveCfg = Debug|Any CPU
		{9D98DFE0-A110-0275-D0E9-DC2138D1F82D}.Debug|x64.Build.0 = Debug|Any CPU
		{9D98DFE0-A110-0275-D0E9-DC2138D1F82D}.Debug|x86.ActiveCfg = Debug|Any CPU
		{9D98DFE0-A110-0275-D0E9-DC2138D1F82D}.Debug|x86.Build.0 = Debug|Any CPU
		{9D98DFE0-A110-0275-D0E9-DC2138D1F82D}.Release|Any CPU.ActiveCfg = Release|Any CPU
		{9D98DFE0-A110-0275-D0E9-DC2138D1F82D}.Release|Any CPU.Build.0 = Release|Any CPU
		{9D98DFE0-A110-0275-D0E9-DC2138D1F82D}.Release|x64.ActiveCfg = Release|Any CPU
		{9D98DFE0-A110-0275-D0E9-DC2138D1F82D}.Release|x64.Build.0 = Release|Any CPU
		{9D98DFE0-A110-0275-D0E9-DC2138D1F82D}.Release|x86.ActiveCfg = Release|Any CPU
		{9D98DFE0-A110-0275-D0E9-DC2138D1F82D}.Release|x86.Build.0 = Release|Any CPU
		{01ED91E1-93B3-62CB-BAF4-812E08C480BF}.Debug|Any CPU.ActiveCfg = Debug|Any CPU
		{01ED91E1-93B3-62CB-BAF4-812E08C480BF}.Debug|Any CPU.Build.0 = Debug|Any CPU
		{01ED91E1-93B3-62CB-BAF4-812E08C480BF}.Debug|x64.ActiveCfg = Debug|Any CPU
		{01ED91E1-93B3-62CB-BAF4-812E08C480BF}.Debug|x64.Build.0 = Debug|Any CPU
		{01ED91E1-93B3-62CB-BAF4-812E08C480BF}.Debug|x86.ActiveCfg = Debug|Any CPU
		{01ED91E1-93B3-62CB-BAF4-812E08C480BF}.Debug|x86.Build.0 = Debug|Any CPU
		{01ED91E1-93B3-62CB-BAF4-812E08C480BF}.Release|Any CPU.ActiveCfg = Release|Any CPU
		{01ED91E1-93B3-62CB-BAF4-812E08C480BF}.Release|Any CPU.Build.0 = Release|Any CPU
		{01ED91E1-93B3-62CB-BAF4-812E08C480BF}.Release|x64.ActiveCfg = Release|Any CPU
		{01ED91E1-93B3-62CB-BAF4-812E08C480BF}.Release|x64.Build.0 = Release|Any CPU
		{01ED91E1-93B3-62CB-BAF4-812E08C480BF}.Release|x86.ActiveCfg = Release|Any CPU
		{01ED91E1-93B3-62CB-BAF4-812E08C480BF}.Release|x86.Build.0 = Release|Any CPU
		{629525AC-820E-FDF2-4148-8ECE207DA245}.Debug|Any CPU.ActiveCfg = Debug|Any CPU
		{629525AC-820E-FDF2-4148-8ECE207DA245}.Debug|Any CPU.Build.0 = Debug|Any CPU
		{629525AC-820E-FDF2-4148-8ECE207DA245}.Debug|x64.ActiveCfg = Debug|Any CPU
		{629525AC-820E-FDF2-4148-8ECE207DA245}.Debug|x64.Build.0 = Debug|Any CPU
		{629525AC-820E-FDF2-4148-8ECE207DA245}.Debug|x86.ActiveCfg = Debug|Any CPU
		{629525AC-820E-FDF2-4148-8ECE207DA245}.Debug|x86.Build.0 = Debug|Any CPU
		{629525AC-820E-FDF2-4148-8ECE207DA245}.Release|Any CPU.ActiveCfg = Release|Any CPU
		{629525AC-820E-FDF2-4148-8ECE207DA245}.Release|Any CPU.Build.0 = Release|Any CPU
		{629525AC-820E-FDF2-4148-8ECE207DA245}.Release|x64.ActiveCfg = Release|Any CPU
		{629525AC-820E-FDF2-4148-8ECE207DA245}.Release|x64.Build.0 = Release|Any CPU
		{629525AC-820E-FDF2-4148-8ECE207DA245}.Release|x86.ActiveCfg = Release|Any CPU
		{629525AC-820E-FDF2-4148-8ECE207DA245}.Release|x86.Build.0 = Release|Any CPU
		{FE2EA203-6949-6AF5-B99B-8FCD79C85451}.Debug|Any CPU.ActiveCfg = Debug|Any CPU
		{FE2EA203-6949-6AF5-B99B-8FCD79C85451}.Debug|Any CPU.Build.0 = Debug|Any CPU
		{FE2EA203-6949-6AF5-B99B-8FCD79C85451}.Debug|x64.ActiveCfg = Debug|Any CPU
		{FE2EA203-6949-6AF5-B99B-8FCD79C85451}.Debug|x64.Build.0 = Debug|Any CPU
		{FE2EA203-6949-6AF5-B99B-8FCD79C85451}.Debug|x86.ActiveCfg = Debug|Any CPU
		{FE2EA203-6949-6AF5-B99B-8FCD79C85451}.Debug|x86.Build.0 = Debug|Any CPU
		{FE2EA203-6949-6AF5-B99B-8FCD79C85451}.Release|Any CPU.ActiveCfg = Release|Any CPU
		{FE2EA203-6949-6AF5-B99B-8FCD79C85451}.Release|Any CPU.Build.0 = Release|Any CPU
		{FE2EA203-6949-6AF5-B99B-8FCD79C85451}.Release|x64.ActiveCfg = Release|Any CPU
		{FE2EA203-6949-6AF5-B99B-8FCD79C85451}.Release|x64.Build.0 = Release|Any CPU
		{FE2EA203-6949-6AF5-B99B-8FCD79C85451}.Release|x86.ActiveCfg = Release|Any CPU
		{FE2EA203-6949-6AF5-B99B-8FCD79C85451}.Release|x86.Build.0 = Release|Any CPU
		{D11348AB-71E4-D225-0FA8-2FC970E10410}.Debug|Any CPU.ActiveCfg = Debug|Any CPU
		{D11348AB-71E4-D225-0FA8-2FC970E10410}.Debug|Any CPU.Build.0 = Debug|Any CPU
		{D11348AB-71E4-D225-0FA8-2FC970E10410}.Debug|x64.ActiveCfg = Debug|Any CPU
		{D11348AB-71E4-D225-0FA8-2FC970E10410}.Debug|x64.Build.0 = Debug|Any CPU
		{D11348AB-71E4-D225-0FA8-2FC970E10410}.Debug|x86.ActiveCfg = Debug|Any CPU
		{D11348AB-71E4-D225-0FA8-2FC970E10410}.Debug|x86.Build.0 = Debug|Any CPU
		{D11348AB-71E4-D225-0FA8-2FC970E10410}.Release|Any CPU.ActiveCfg = Release|Any CPU
		{D11348AB-71E4-D225-0FA8-2FC970E10410}.Release|Any CPU.Build.0 = Release|Any CPU
		{D11348AB-71E4-D225-0FA8-2FC970E10410}.Release|x64.ActiveCfg = Release|Any CPU
		{D11348AB-71E4-D225-0FA8-2FC970E10410}.Release|x64.Build.0 = Release|Any CPU
		{D11348AB-71E4-D225-0FA8-2FC970E10410}.Release|x86.ActiveCfg = Release|Any CPU
		{D11348AB-71E4-D225-0FA8-2FC970E10410}.Release|x86.Build.0 = Release|Any CPU
		{B9596F26-C049-6650-D059-4E6BB3C42D39}.Debug|Any CPU.ActiveCfg = Debug|Any CPU
		{B9596F26-C049-6650-D059-4E6BB3C42D39}.Debug|Any CPU.Build.0 = Debug|Any CPU
		{B9596F26-C049-6650-D059-4E6BB3C42D39}.Debug|x64.ActiveCfg = Debug|Any CPU
		{B9596F26-C049-6650-D059-4E6BB3C42D39}.Debug|x64.Build.0 = Debug|Any CPU
		{B9596F26-C049-6650-D059-4E6BB3C42D39}.Debug|x86.ActiveCfg = Debug|Any CPU
		{B9596F26-C049-6650-D059-4E6BB3C42D39}.Debug|x86.Build.0 = Debug|Any CPU
		{B9596F26-C049-6650-D059-4E6BB3C42D39}.Release|Any CPU.ActiveCfg = Release|Any CPU
		{B9596F26-C049-6650-D059-4E6BB3C42D39}.Release|Any CPU.Build.0 = Release|Any CPU
		{B9596F26-C049-6650-D059-4E6BB3C42D39}.Release|x64.ActiveCfg = Release|Any CPU
		{B9596F26-C049-6650-D059-4E6BB3C42D39}.Release|x64.Build.0 = Release|Any CPU
		{B9596F26-C049-6650-D059-4E6BB3C42D39}.Release|x86.ActiveCfg = Release|Any CPU
		{B9596F26-C049-6650-D059-4E6BB3C42D39}.Release|x86.Build.0 = Release|Any CPU
		{0188CD75-6F8C-9472-00EB-C0356A1C593B}.Debug|Any CPU.ActiveCfg = Debug|Any CPU
		{0188CD75-6F8C-9472-00EB-C0356A1C593B}.Debug|Any CPU.Build.0 = Debug|Any CPU
		{0188CD75-6F8C-9472-00EB-C0356A1C593B}.Debug|x64.ActiveCfg = Debug|Any CPU
		{0188CD75-6F8C-9472-00EB-C0356A1C593B}.Debug|x64.Build.0 = Debug|Any CPU
		{0188CD75-6F8C-9472-00EB-C0356A1C593B}.Debug|x86.ActiveCfg = Debug|Any CPU
		{0188CD75-6F8C-9472-00EB-C0356A1C593B}.Debug|x86.Build.0 = Debug|Any CPU
		{0188CD75-6F8C-9472-00EB-C0356A1C593B}.Release|Any CPU.ActiveCfg = Release|Any CPU
		{0188CD75-6F8C-9472-00EB-C0356A1C593B}.Release|Any CPU.Build.0 = Release|Any CPU
		{0188CD75-6F8C-9472-00EB-C0356A1C593B}.Release|x64.ActiveCfg = Release|Any CPU
		{0188CD75-6F8C-9472-00EB-C0356A1C593B}.Release|x64.Build.0 = Release|Any CPU
		{0188CD75-6F8C-9472-00EB-C0356A1C593B}.Release|x86.ActiveCfg = Release|Any CPU
		{0188CD75-6F8C-9472-00EB-C0356A1C593B}.Release|x86.Build.0 = Release|Any CPU
	EndGlobalSection
	GlobalSection(SolutionProperties) = preSolution
		HideSolutionNode = FALSE
	EndGlobalSection
	GlobalSection(NestedProjects) = preSolution
		{EA6068BD-3319-43DC-9C81-6137D9F36B35} = {8B1EC4B2-22D6-4B0F-8389-0743D867FF82}
		{3D138AE9-F378-42A9-8782-EE558E6F8F35} = {8B1EC4B2-22D6-4B0F-8389-0743D867FF82}
		{3249E9AE-7158-4F41-B986-63190BE2CC8F} = {8B1EC4B2-22D6-4B0F-8389-0743D867FF82}
		{306D13B8-1F3C-4D85-800A-3D8317B072C4} = {8B1EC4B2-22D6-4B0F-8389-0743D867FF82}
		{E8C3EDC8-0D6C-4A76-854E-0F33C815A316} = {8B1EC4B2-22D6-4B0F-8389-0743D867FF82}
		{B0AEF796-C24A-44DA-9A2B-18A2E5AE8532} = {E3ADAEB7-41D8-4102-B71A-2AF7CFBFD38B}
		{E9D66A0A-9815-4DAC-B5BA-2251A36DC490} = {E3ADAEB7-41D8-4102-B71A-2AF7CFBFD38B}
		{E07E8F0D-50B6-4539-95C6-B1764A491497} = {EA6068BD-3319-43DC-9C81-6137D9F36B35}
		{083CF0F9-7B40-43C7-9A6B-C42D56EE56D5} = {EA6068BD-3319-43DC-9C81-6137D9F36B35}
		{BDA39A43-86A3-4087-BD64-94B4B528E5AF} = {EA6068BD-3319-43DC-9C81-6137D9F36B35}
		{492C5C7F-45A3-44B5-A80F-131E827381CB} = {EA6068BD-3319-43DC-9C81-6137D9F36B35}
		{E53D01E2-3318-4A57-9B17-A1ACA96D35BB} = {3D138AE9-F378-42A9-8782-EE558E6F8F35}
		{31DF0118-96BD-4686-BFF8-64476D5718F0} = {3D138AE9-F378-42A9-8782-EE558E6F8F35}
		{C801B94D-DD2B-4200-A7B1-0DDB22C4E1EA} = {3D138AE9-F378-42A9-8782-EE558E6F8F35}
		{C4B63318-34B1-4D3B-9C43-3BC7E589DACC} = {3D138AE9-F378-42A9-8782-EE558E6F8F35}
		{6BFA017A-42A5-4109-B359-E3824E68E64A} = {3249E9AE-7158-4F41-B986-63190BE2CC8F}
		{06B4726D-8D08-462E-B7DC-2243D7709C20} = {3249E9AE-7158-4F41-B986-63190BE2CC8F}
		{E72CF16C-1E2E-4C44-BB52-B0DB48C2C6B1} = {3249E9AE-7158-4F41-B986-63190BE2CC8F}
		{0B3E7695-F87E-45F2-A941-22C03F095C80} = {3249E9AE-7158-4F41-B986-63190BE2CC8F}
		{8A9E4DAE-D018-4946-978B-E9C474623806} = {306D13B8-1F3C-4D85-800A-3D8317B072C4}
		{F78B0AF1-EA91-46F7-A3C4-E3D083B4728C} = {306D13B8-1F3C-4D85-800A-3D8317B072C4}
		{DF2D21E3-28BA-49A8-BD1A-1E169B7FDB56} = {306D13B8-1F3C-4D85-800A-3D8317B072C4}
		{818024DE-913E-49EA-866E-481F25F5306C} = {306D13B8-1F3C-4D85-800A-3D8317B072C4}
		{EAB9B778-3D3D-48B9-9C92-FA600D690B55} = {E8C3EDC8-0D6C-4A76-854E-0F33C815A316}
		{B5CC064F-C1C0-4BE9-9AF0-99D4CF7DFCD8} = {E8C3EDC8-0D6C-4A76-854E-0F33C815A316}
		{3027B718-127D-4FDF-9234-1B96583978AC} = {E8C3EDC8-0D6C-4A76-854E-0F33C815A316}
		{4D1820E7-E484-4AB8-86AB-1385BA61589F} = {E8C3EDC8-0D6C-4A76-854E-0F33C815A316}
		{550E5CE5-CB75-E67D-CC83-96ADE40A9F77} = {C345F51A-2829-409F-BD68-707FC6220205}
		{5DB50485-5BB8-C2FB-A1A5-DDE64DF144A3} = {C345F51A-2829-409F-BD68-707FC6220205}
		{6E09D386-B6EB-46D8-9780-FACDA85C9300} = {8B1EC4B2-22D6-4B0F-8389-0743D867FF82}
		{859FD876-0F9A-4275-B54C-90607AA01321} = {8B1EC4B2-22D6-4B0F-8389-0743D867FF82}
		{A707127F-83AF-4957-9073-90CA669B0E62} = {8B1EC4B2-22D6-4B0F-8389-0743D867FF82}
		{EE1C039D-ADC6-623C-7EF1-960B27FC76EB} = {6E09D386-B6EB-46D8-9780-FACDA85C9300}
		{03F31B3A-BD7D-A6C8-AFA2-A0C362A6C566} = {6E09D386-B6EB-46D8-9780-FACDA85C9300}
		{AB0BEA65-2FC6-3751-8E8D-E871B12036E2} = {6E09D386-B6EB-46D8-9780-FACDA85C9300}
		{3AB39E57-0140-FA7F-90D1-7CA2B0CFC789} = {6E09D386-B6EB-46D8-9780-FACDA85C9300}
		{D8FBC771-3E0E-CB60-B26C-E4599AB5AFA6} = {A707127F-83AF-4957-9073-90CA669B0E62}
		{9D98DFE0-A110-0275-D0E9-DC2138D1F82D} = {A707127F-83AF-4957-9073-90CA669B0E62}
		{01ED91E1-93B3-62CB-BAF4-812E08C480BF} = {A707127F-83AF-4957-9073-90CA669B0E62}
		{629525AC-820E-FDF2-4148-8ECE207DA245} = {A707127F-83AF-4957-9073-90CA669B0E62}
		{FE2EA203-6949-6AF5-B99B-8FCD79C85451} = {859FD876-0F9A-4275-B54C-90607AA01321}
		{D11348AB-71E4-D225-0FA8-2FC970E10410} = {859FD876-0F9A-4275-B54C-90607AA01321}
		{B9596F26-C049-6650-D059-4E6BB3C42D39} = {859FD876-0F9A-4275-B54C-90607AA01321}
		{0188CD75-6F8C-9472-00EB-C0356A1C593B} = {859FD876-0F9A-4275-B54C-90607AA01321}
	EndGlobalSection
	GlobalSection(ExtensibilityGlobals) = postSolution
		SolutionGuid = {365CADCA-D0E0-41C9-861E-EF3FABA713E2}
	EndGlobalSection
EndGlobal
